
Microsoft Visual Studio Solution File, Format Version 12.00
# Visual Studio Version 16
VisualStudioVersion = 16.0.30611.23
MinimumVisualStudioVersion = 10.0.40219.1
Project("{FAE04EC0-301F-11D3-BF4B-00C04F79EFBC}") = "imageWriter", "imageWriter\imageWriter.csproj", "{53C7B3E7-4FAF-4D81-B294-8FF35B1639B7}"
EndProject
Global
	GlobalSection(SolutionConfigurationPlatforms) = preSolution
		Debug|Any CPU = Debug|Any CPU
		Release|Any CPU = Release|Any CPU
	EndGlobalSection
	GlobalSection(ProjectConfigurationPlatforms) = postSolution
		{53C7B3E7-4FAF-4D81-B294-8FF35B1639B7}.Debug|Any CPU.ActiveCfg = Debug|Any CPU
		{53C7B3E7-4FAF-4D81-B294-8FF35B1639B7}.Debug|Any CPU.Build.0 = Debug|Any CPU
		{53C7B3E7-4FAF-4D81-B294-8FF35B1639B7}.Release|Any CPU.ActiveCfg = Release|Any CPU
		{53C7B3E7-4FAF-4D81-B294-8FF35B1639B7}.Release|Any CPU.Build.0 = Release|Any CPU
	EndGlobalSection
	GlobalSection(SolutionProperties) = preSolution
		HideSolutionNode = FALSE
	EndGlobalSection
	GlobalSection(ExtensibilityGlobals) = postSolution
		SolutionGuid = {BF2D2CF0-6D08-4A15-B6A2-EFE16845FB87}
	EndGlobalSection
EndGlobal
